
Microsoft Visual Studio Solution File, Format Version 12.00
# Visual Studio Version 16
VisualStudioVersion = 16.0.29102.190
MinimumVisualStudioVersion = 10.0.40219.1
Project("{FAE04EC0-301F-11D3-BF4B-00C04F79EFBC}") = "POSSystem", "POSSystem\POSSystem.csproj", "{748BEEA5-C138-4690-ABE7-BA9237C5A822}"
EndProject
Global
	GlobalSection(SolutionConfigurationPlatforms) = preSolution
		Debug|Any CPU = Debug|Any CPU
		Release|Any CPU = Release|Any CPU
	EndGlobalSection
	GlobalSection(ProjectConfigurationPlatforms) = postSolution
		{748BEEA5-C138-4690-ABE7-BA9237C5A822}.Debug|Any CPU.ActiveCfg = Debug|Any CPU
		{748BEEA5-C138-4690-ABE7-BA9237C5A822}.Debug|Any CPU.Build.0 = Debug|Any CPU
		{748BEEA5-C138-4690-ABE7-BA9237C5A822}.Release|Any CPU.ActiveCfg = Release|Any CPU
		{748BEEA5-C138-4690-ABE7-BA9237C5A822}.Release|Any CPU.Build.0 = Release|Any CPU
	EndGlobalSection
	GlobalSection(SolutionProperties) = preSolution
		HideSolutionNode = FALSE
	EndGlobalSection
	GlobalSection(ExtensibilityGlobals) = postSolution
		SolutionGuid = {2B714A40-A6D8-464A-BE2E-A04EB2939065}
	EndGlobalSection
EndGlobal
