
Microsoft Visual Studio Solution File, Format Version 12.00
# Visual Studio Version 16
VisualStudioVersion = 16.0.29102.190
MinimumVisualStudioVersion = 10.0.40219.1
Project("{FAE04EC0-301F-11D3-BF4B-00C04F79EFBC}") = "ThirdClass", "ThirdClass\ThirdClass.csproj", "{21221DFB-1B4A-4B23-8D5C-E7BE1570A007}"
EndProject
Global
	GlobalSection(SolutionConfigurationPlatforms) = preSolution
		Debug|Any CPU = Debug|Any CPU
		Release|Any CPU = Release|Any CPU
	EndGlobalSection
	GlobalSection(ProjectConfigurationPlatforms) = postSolution
		{21221DFB-1B4A-4B23-8D5C-E7BE1570A007}.Debug|Any CPU.ActiveCfg = Debug|Any CPU
		{21221DFB-1B4A-4B23-8D5C-E7BE1570A007}.Debug|Any CPU.Build.0 = Debug|Any CPU
		{21221DFB-1B4A-4B23-8D5C-E7BE1570A007}.Release|Any CPU.ActiveCfg = Release|Any CPU
		{21221DFB-1B4A-4B23-8D5C-E7BE1570A007}.Release|Any CPU.Build.0 = Release|Any CPU
	EndGlobalSection
	GlobalSection(SolutionProperties) = preSolution
		HideSolutionNode = FALSE
	EndGlobalSection
	GlobalSection(ExtensibilityGlobals) = postSolution
		SolutionGuid = {2208F39A-3BBD-4EB7-A6CB-4687B3D48337}
	EndGlobalSection
EndGlobal
