
Microsoft Visual Studio Solution File, Format Version 12.00
# Visual Studio Version 16
VisualStudioVersion = 16.0.29102.190
MinimumVisualStudioVersion = 10.0.40219.1
Project("{FAE04EC0-301F-11D3-BF4B-00C04F79EFBC}") = "DevSkill169Gold", "DevSkill169Gold\DevSkill169Gold.csproj", "{3A8230CB-FA1C-4F5F-B784-3F6A158A68F5}"
EndProject
Global
	GlobalSection(SolutionConfigurationPlatforms) = preSolution
		Debug|Any CPU = Debug|Any CPU
		Release|Any CPU = Release|Any CPU
	EndGlobalSection
	GlobalSection(ProjectConfigurationPlatforms) = postSolution
		{3A8230CB-FA1C-4F5F-B784-3F6A158A68F5}.Debug|Any CPU.ActiveCfg = Debug|Any CPU
		{3A8230CB-FA1C-4F5F-B784-3F6A158A68F5}.Debug|Any CPU.Build.0 = Debug|Any CPU
		{3A8230CB-FA1C-4F5F-B784-3F6A158A68F5}.Release|Any CPU.ActiveCfg = Release|Any CPU
		{3A8230CB-FA1C-4F5F-B784-3F6A158A68F5}.Release|Any CPU.Build.0 = Release|Any CPU
	EndGlobalSection
	GlobalSection(SolutionProperties) = preSolution
		HideSolutionNode = FALSE
	EndGlobalSection
	GlobalSection(ExtensibilityGlobals) = postSolution
		SolutionGuid = {D8AE4774-1841-415A-9474-113B7FA9223B}
	EndGlobalSection
EndGlobal
